
Microsoft Visual Studio Solution File, Format Version 12.00
# Visual Studio 15
VisualStudioVersion = 15.0.27703.2035
MinimumVisualStudioVersion = 10.0.40219.1
Project("{FAE04EC0-301F-11D3-BF4B-00C04F79EFBC}") = "BenchmarkDotNetAspNetCoreIssueRepro", "BenchmarkDotNetAspNetCoreIssueRepro\BenchmarkDotNetAspNetCoreIssueRepro.csproj", "{360CC418-6963-4F6B-8F65-96652A7DD210}"
EndProject
Global
	GlobalSection(SolutionConfigurationPlatforms) = preSolution
		Debug|Any CPU = Debug|Any CPU
		Release|Any CPU = Release|Any CPU
	EndGlobalSection
	GlobalSection(ProjectConfigurationPlatforms) = postSolution
		{360CC418-6963-4F6B-8F65-96652A7DD210}.Debug|Any CPU.ActiveCfg = Debug|Any CPU
		{360CC418-6963-4F6B-8F65-96652A7DD210}.Debug|Any CPU.Build.0 = Debug|Any CPU
		{360CC418-6963-4F6B-8F65-96652A7DD210}.Release|Any CPU.ActiveCfg = Release|Any CPU
		{360CC418-6963-4F6B-8F65-96652A7DD210}.Release|Any CPU.Build.0 = Release|Any CPU
	EndGlobalSection
	GlobalSection(SolutionProperties) = preSolution
		HideSolutionNode = FALSE
	EndGlobalSection
	GlobalSection(ExtensibilityGlobals) = postSolution
		SolutionGuid = {B8098AA4-1D3F-4D44-ADE7-4190EEE284CF}
	EndGlobalSection
EndGlobal
